{
  "version": 4,
  "terraform_version": "1.9.8",
  "serial": 55,
  "lineage": "fe640ec8-0076-6b7e-8145-a2796a7d721f",
  "outputs": {
    "additional_worker_app_ids": {
      "value": {
        "worker1": "app_016dd09c5e6747af19c4a4b3fdfbbd275c80260c",
        "worker2": "app_8238080bf6664dec6e17447e09368f62ac771265"
      },
      "type": [
        "object",
        {
          "worker1": "string",
          "worker2": "string"
        }
      ]
    },
    "additional_worker_cvm_ids": {
      "value": {
        "worker1": [
          "418d34f5-10bd-450d-adae-1a1462d65526"
        ],
        "worker2": [
          "34022d1e-0f1e-4184-809b-0b693f4944b5"
        ]
      },
      "type": [
        "object",
        {
          "worker1": [
            "list",
            "string"
          ],
          "worker2": [
            "list",
            "string"
          ]
        }
      ]
    },
    "all_worker_app_ids": {
      "value": {
        "worker0": "app_e24c7d5b20d33bdeb453ee32ff9bdcb5d7a5a19f",
        "worker1": "app_016dd09c5e6747af19c4a4b3fdfbbd275c80260c",
        "worker2": "app_8238080bf6664dec6e17447e09368f62ac771265"
      },
      "type": [
        "object",
        {
          "worker0": "string",
          "worker1": "string",
          "worker2": "string"
        }
      ]
    },
    "all_worker_cvm_ids": {
      "value": {
        "worker0": [
          "36f39068-fc53-47ad-b52a-717575d4b82f"
        ],
        "worker1": [
          "418d34f5-10bd-450d-adae-1a1462d65526"
        ],
        "worker2": [
          "34022d1e-0f1e-4184-809b-0b693f4944b5"
        ]
      },
      "type": [
        "object",
        {
          "worker0": [
            "list",
            "string"
          ],
          "worker1": [
            "list",
            "string"
          ],
          "worker2": [
            "list",
            "string"
          ]
        }
      ]
    },
    "all_worker_statuses": {
      "value": {
        "worker0": "running",
        "worker1": "running",
        "worker2": "running"
      },
      "type": [
        "object",
        {
          "worker0": "string",
          "worker1": "string",
          "worker2": "string"
        }
      ]
    },
    "contracts_app_id": {
      "value": "app_b4524823d9b9b93e9505bfd5bd31ef4872754f8d",
      "type": "string"
    },
    "contracts_endpoint": {
      "value": "https://b4524823d9b9b93e9505bfd5bd31ef4872754f8d-5001.dstack-pha-prod5.phala.network",
      "type": "string"
    },
    "contracts_primary_cvm_id": {
      "value": "63e5752e-fa44-445b-bccb-0ddf98e8c465",
      "type": "string"
    },
    "worker_app_id": {
      "value": "app_e24c7d5b20d33bdeb453ee32ff9bdcb5d7a5a19f",
      "type": "string"
    },
    "worker_cvm_ids": {
      "value": [
        "36f39068-fc53-47ad-b52a-717575d4b82f"
      ],
      "type": [
        "list",
        "string"
      ]
    },
    "worker_primary_cvm_id": {
      "value": "36f39068-fc53-47ad-b52a-717575d4b82f",
      "type": "string"
    },
    "worker_status": {
      "value": "running",
      "type": "string"
    }
  },
  "resources": [
    {
      "mode": "managed",
      "type": "phala_app",
      "name": "contract_runtime",
      "provider": "provider[\"registry.terraform.io/phala-network/phala\"]",
      "instances": [
        {
          "schema_version": 0,
          "attributes": {
            "app_id": "app_b4524823d9b9b93e9505bfd5bd31ef4872754f8d",
            "custom_app_id": null,
            "cvm_ids": [
              "63e5752e-fa44-445b-bccb-0ddf98e8c465"
            ],
            "disk_size": 20,
            "docker_compose": "services:\n  anvil:\n    image: ghcr.io/foundry-rs/foundry:nightly-dd0a687aa36ec731b6ea2cda2aa4f32e192814fa\n    restart: unless-stopped\n    environment:\n      ANVIL_IP_ADDR: \"0.0.0.0\"\n      FOUNDRY_DISABLE_NIGHTLY_WARNING: \"1\"\n    entrypoint:\n      - anvil\n    command:\n      - --quiet\n      - --accounts\n      - \"20\"\n      - --hardfork\n      - osaka\n      - --code-size-limit\n      - \"999999\"\n    ports:\n      - \"8545:8545\"\n    healthcheck:\n      test: [\"CMD\", \"cast\", \"chain-id\", \"--rpc-url\", \"http://127.0.0.1:8545\"]\n      interval: 5s\n      timeout: 3s\n      retries: 24\n\n  ipfs:\n    image: ipfs/kubo:latest\n    restart: unless-stopped\n    environment:\n      IPFS_TELEMETRY: \"off\"\n    ports:\n      - \"5001:5001\"\n      - \"8080:8080\"\n    healthcheck:\n      test: [\"CMD\", \"ipfs\", \"id\"]\n      interval: 5s\n      timeout: 5s\n      retries: 24\n\n  smart-contracts:\n    image: ghcr.io/uzhw8rgl/master-thesis-smart-contracts@sha256:1cd9298a1026ade3a5d0ff952269dd600d15918ecdd57f6fbb321b5d5996a277\n    restart: \"no\"\n    depends_on:\n      anvil:\n        condition: service_healthy\n      ipfs:\n        condition: service_healthy\n    environment:\n      DOCKER: phala\n      BLOCKCHAIN_PROVIDER: \"anvil\"\n      RPC_URL: http://anvil:8545\n      KUBO_API_URL: http://ipfs:5001\n      IPFS_PROVIDER: kubo\n      KEEP_ALIVE: \"0\"\n      ETH_WALLET_PRIVATE_KEY: \"\"\n      INITIAL_GM_CID: \"bafybeigjcypobmn3zna5tlaohmfydpdb7tgzges2mrh7l2er42uja4zj6a\"\n      INITIAL_GM_SIG_CID: \"bafkreib3cdvk7qgy6xq6f3ytakiqu3xytarazl4jnyu2pj3m3rzhr6w4ty\"\n      ETH_EUR_PRICE: \"3000\"\n      TRANSACTION_COST_CSV: \"/dfl/data/evaluation/transaction_costs.csv\"\n      PCCS_FMSPC: \"20A06F000000\"\n      PCCS_FETCH: \"1\"\n      PCCS_TEE: \"tdx\"\n      P256_MODE: \"native\"\n      P256_VERIFIER_ADDRESS: \"\"\n      DEPLOY_TDX_V4_DCAP: \"1\"\n      VERIFY_TDX_QUOTE_ONCHAIN: \"1\"\n      AGGREGATOR_TIMEOUT_REPORT_PERCENT: \"50\"\n      MODEL_TRANSFER_TIMEOUT_MS: \"20000\"\n      MODEL_TRANSFER_RETRY_DELAY_MS: \"5000\"\n      PCCS_QUOTE_PATH: \"../data/phala_tdx_quote\"\n      TDX_QUOTE_PATH: \"./attestation/phala_tdx_quote\"\n      TDX_REFERENCE_QUOTE_PATH: \"../data/phala_tdx_quote\"\n      PHALA_COMPOSE_PATH: \"../phala/dstack-compose.template.yml\"\n      PHALA_APP_CODE_PATH: \"../phala/app_code.txt\"\n      PHALA_RTMR3_EVENT_LOG_PATH: \"../phala/rtmr3_event_log.txt\"\n      DATASET_NAME: \"chestmnist\"\n      W0_ACCOUNT_ADDRESS: \"0x561c6C160021EBfD0810F013f4efCa24edB7e9E3\"\n      W1_ACCOUNT_ADDRESS: \"0x6004D395731f85938177d5B07aCfEc2D5D7ECcB0\"\n      INITIAL_GM_SIGNER_ADDRESS: \"0xf39Fd6e51aad88F6F4ce6aB8827279cffFb92266\"\n    command: [\"bash\", \"/dfl/smart_contracts/starter_docker.sh\"]\n",
            "encrypted_env": null,
            "endpoint": "https://b4524823d9b9b93e9505bfd5bd31ef4872754f8d-5001.dstack-pha-prod5.phala.network",
            "env": null,
            "env_compose_hash": null,
            "env_keys": null,
            "env_transaction_hash": null,
            "gateway_enabled": true,
            "id": "app_b4524823d9b9b93e9505bfd5bd31ef4872754f8d",
            "image": "dstack-dev-0.5.7",
            "kms": "phala",
            "listed": false,
            "name": "master-thesis-contract-runtime-phala",
            "node_id": null,
            "nonce": null,
            "pre_launch_script": null,
            "primary_cvm_id": "63e5752e-fa44-445b-bccb-0ddf98e8c465",
            "public_logs": true,
            "public_sysinfo": true,
            "public_tcbinfo": true,
            "region": "US-WEST-1",
            "replicas": 1,
            "secure_time": false,
            "size": "tdx.small",
            "ssh_authorized_keys": [],
            "status": "running",
            "storage_fs": "zfs",
            "wait_for_ready": true,
            "wait_timeout_seconds": 900
          },
          "sensitive_attributes": [
            [
              {
                "type": "get_attr",
                "value": "encrypted_env"
              }
            ],
            [
              {
                "type": "get_attr",
                "value": "env"
              }
            ],
            [
              {
                "type": "get_attr",
                "value": "docker_compose"
              }
            ]
          ]
        }
      ]
    },
    {
      "mode": "managed",
      "type": "phala_app",
      "name": "dfl_worker",
      "provider": "provider[\"registry.terraform.io/phala-network/phala\"]",
      "instances": [
        {
          "schema_version": 0,
          "attributes": {
            "app_id": "app_e24c7d5b20d33bdeb453ee32ff9bdcb5d7a5a19f",
            "custom_app_id": null,
            "cvm_ids": [
              "36f39068-fc53-47ad-b52a-717575d4b82f"
            ],
            "disk_size": 20,
            "docker_compose": "services:\n  dfl-worker:\n    image: ghcr.io/uzhw8rgl/master-thesis-dfl-worker@sha256:f77aa62f0741985814816a7e998a2cad50ce28db405406faccd319a3b0326c4a\n    restart: unless-stopped\n    volumes:\n      - /var/run/tappd.sock:/var/run/tappd.sock\n    environment:\n      DOCKER: phala\n      NODE_ENV: production\n      IPFS_PROVIDER: kubo\n      KUBO_API: \"https://b4524823d9b9b93e9505bfd5bd31ef4872754f8d-5001.dstack-pha-prod5.phala.network:5001\"\n      KUBO_GATEWAY: \"https://b4524823d9b9b93e9505bfd5bd31ef4872754f8d-5001.dstack-pha-prod5.phala.network:8080\"\n      PUBLIC_IP: \"\"\n      MSG_BROKER_IP: \"\"\n\n      ACCOUNT_ADDRESS: \"0x561c6C160021EBfD0810F013f4efCa24edB7e9E3\"\n      PRIVATE_KEY: \"0xd9c285ae51e6fe6e1c5dead2703523eb54a48717996b9bc500ea8bd0c43711b6\"\n      # Auto-resolved from the contract-runtime TEE's Kubo manifest at\n      # /runtime/contracts.json when the worker boots.\n      REGISTRY_ADDRESS: \"\"\n      AGGREGATOR_ADDRESS: \"\"\n      GM_STORAGE_ADDRESS: \"\"\n      # Legacy variable name in the application code; in the Phala deployment\n      # this points to the contract-runtime TEE's internal Anvil RPC endpoint.\n      SEPOLIA_RPC_URL: \"https://b4524823d9b9b93e9505bfd5bd31ef4872754f8d-5001.dstack-pha-prod5.phala.network:8545\"\n\n      CLIENT_LIMIT: \"2\"\n      EPOCH: \"1\"\n      ROUND: \"1\"\n      MODEL_SUBMISSION_DEADLINE_MS: \"20000\"\n      GM_UPDATE_TIMEOUT_MS: \"30000\"\n      GM_UPDATE_TIMEOUT_LOOPS: \"2\"\n      AGGREGATION_UPDATE_ESTIMATE_MS: \"30000\"\n      GM_UPDATE_POLL_MS: \"5000\"\n\n      RSA_PRIVATE_KEY_FILE: \"/dfl/keys/private_key.pem\"\n      RSA_PUBLIC_KEY_FILE: \"/dfl/keys/public_key.pem\"\n      TRAIN_IMAGES_SRC: \"/dfl/config/training_data/train-images-0.idx3-ubyte\"\n      TRAIN_LABELS_SRC: \"/dfl/config/training_data/train-labels-0.idx1-ubyte\"\n\n      PYTHON_SERVICE_URL: \"http://127.0.0.1:8000\"\n    command:\n      - /bin/bash\n      - -lc\n      - |\n        if [ -S /var/run/tappd.sock ] \u0026\u0026 [ ! -S /var/run/dstack.sock ]; then\n          ln -sf /var/run/tappd.sock /var/run/dstack.sock\n        fi\n        exec /dfl/start_node_neural_network.sh\n",
            "encrypted_env": null,
            "endpoint": null,
            "env": null,
            "env_compose_hash": null,
            "env_keys": null,
            "env_transaction_hash": null,
            "gateway_enabled": false,
            "id": "app_e24c7d5b20d33bdeb453ee32ff9bdcb5d7a5a19f",
            "image": "dstack-dev-0.5.7",
            "kms": "phala",
            "listed": false,
            "name": "master-thesis-dfl-worker-0",
            "node_id": null,
            "nonce": null,
            "pre_launch_script": null,
            "primary_cvm_id": "36f39068-fc53-47ad-b52a-717575d4b82f",
            "public_logs": true,
            "public_sysinfo": true,
            "public_tcbinfo": true,
            "region": "US-WEST-1",
            "replicas": 1,
            "secure_time": false,
            "size": "tdx.small",
            "ssh_authorized_keys": [],
            "status": "running",
            "storage_fs": "zfs",
            "wait_for_ready": true,
            "wait_timeout_seconds": 900
          },
          "sensitive_attributes": [
            [
              {
                "type": "get_attr",
                "value": "env"
              }
            ],
            [
              {
                "type": "get_attr",
                "value": "encrypted_env"
              }
            ],
            [
              {
                "type": "get_attr",
                "value": "docker_compose"
              }
            ]
          ],
          "dependencies": [
            "phala_app.contract_runtime"
          ]
        }
      ]
    },
    {
      "mode": "managed",
      "type": "phala_app",
      "name": "dfl_worker_additional",
      "provider": "provider[\"registry.terraform.io/phala-network/phala\"]",
      "instances": [
        {
          "index_key": "worker1",
          "schema_version": 0,
          "attributes": {
            "app_id": "app_016dd09c5e6747af19c4a4b3fdfbbd275c80260c",
            "custom_app_id": null,
            "cvm_ids": [
              "418d34f5-10bd-450d-adae-1a1462d65526"
            ],
            "disk_size": 20,
            "docker_compose": "services:\n  dfl-worker:\n    image: ghcr.io/uzhw8rgl/master-thesis-dfl-worker@sha256:f77aa62f0741985814816a7e998a2cad50ce28db405406faccd319a3b0326c4a\n    restart: unless-stopped\n    volumes:\n      - /var/run/tappd.sock:/var/run/tappd.sock\n    environment:\n      DOCKER: phala\n      NODE_ENV: production\n      IPFS_PROVIDER: kubo\n      KUBO_API: \"https://b4524823d9b9b93e9505bfd5bd31ef4872754f8d-5001.dstack-pha-prod5.phala.network:5001\"\n      KUBO_GATEWAY: \"https://b4524823d9b9b93e9505bfd5bd31ef4872754f8d-5001.dstack-pha-prod5.phala.network:8080\"\n      PUBLIC_IP: \"\"\n      MSG_BROKER_IP: \"\"\n\n      ACCOUNT_ADDRESS: \"0x6004D395731f85938177d5B07aCfEc2D5D7ECcB0\"\n      PRIVATE_KEY: \"0x97a530a4ad4e4582aa9bf97f17a54bf3b48f64dcbb901e8b047180d49a86fe15\"\n      # Auto-resolved from the contract-runtime TEE's Kubo manifest at\n      # /runtime/contracts.json when the worker boots.\n      REGISTRY_ADDRESS: \"\"\n      AGGREGATOR_ADDRESS: \"\"\n      GM_STORAGE_ADDRESS: \"\"\n      # Legacy variable name in the application code; in the Phala deployment\n      # this points to the contract-runtime TEE's internal Anvil RPC endpoint.\n      SEPOLIA_RPC_URL: \"https://b4524823d9b9b93e9505bfd5bd31ef4872754f8d-5001.dstack-pha-prod5.phala.network:8545\"\n\n      CLIENT_LIMIT: \"2\"\n      EPOCH: \"1\"\n      ROUND: \"1\"\n      MODEL_SUBMISSION_DEADLINE_MS: \"20000\"\n      GM_UPDATE_TIMEOUT_MS: \"30000\"\n      GM_UPDATE_TIMEOUT_LOOPS: \"2\"\n      AGGREGATION_UPDATE_ESTIMATE_MS: \"30000\"\n      GM_UPDATE_POLL_MS: \"5000\"\n\n      RSA_PRIVATE_KEY_FILE: \"/dfl/keys/private_key.pem\"\n      RSA_PUBLIC_KEY_FILE: \"/dfl/keys/public_key.pem\"\n      TRAIN_IMAGES_SRC: \"/dfl/config/training_data/train-images-0.idx3-ubyte\"\n      TRAIN_LABELS_SRC: \"/dfl/config/training_data/train-labels-0.idx1-ubyte\"\n\n      PYTHON_SERVICE_URL: \"http://127.0.0.1:8000\"\n    command:\n      - /bin/bash\n      - -lc\n      - |\n        if [ -S /var/run/tappd.sock ] \u0026\u0026 [ ! -S /var/run/dstack.sock ]; then\n          ln -sf /var/run/tappd.sock /var/run/dstack.sock\n        fi\n        exec /dfl/start_node_neural_network.sh\n",
            "encrypted_env": null,
            "endpoint": null,
            "env": null,
            "env_compose_hash": null,
            "env_keys": null,
            "env_transaction_hash": null,
            "gateway_enabled": false,
            "id": "app_016dd09c5e6747af19c4a4b3fdfbbd275c80260c",
            "image": "dstack-dev-0.5.7",
            "kms": "phala",
            "listed": false,
            "name": "master-thesis-dfl-worker-1",
            "node_id": null,
            "nonce": null,
            "pre_launch_script": null,
            "primary_cvm_id": "418d34f5-10bd-450d-adae-1a1462d65526",
            "public_logs": true,
            "public_sysinfo": true,
            "public_tcbinfo": true,
            "region": "US-WEST-1",
            "replicas": 1,
            "secure_time": false,
            "size": "tdx.small",
            "ssh_authorized_keys": [],
            "status": "running",
            "storage_fs": "zfs",
            "wait_for_ready": true,
            "wait_timeout_seconds": 900
          },
          "sensitive_attributes": [
            [
              {
                "type": "get_attr",
                "value": "env"
              }
            ],
            [
              {
                "type": "get_attr",
                "value": "encrypted_env"
              }
            ]
          ],
          "dependencies": [
            "phala_app.contract_runtime"
          ]
        },
        {
          "index_key": "worker2",
          "schema_version": 0,
          "attributes": {
            "app_id": "app_8238080bf6664dec6e17447e09368f62ac771265",
            "custom_app_id": null,
            "cvm_ids": [
              "34022d1e-0f1e-4184-809b-0b693f4944b5"
            ],
            "disk_size": 20,
            "docker_compose": "services:\n  dfl-worker:\n    image: ghcr.io/uzhw8rgl/master-thesis-dfl-worker@sha256:f77aa62f0741985814816a7e998a2cad50ce28db405406faccd319a3b0326c4a\n    restart: unless-stopped\n    volumes:\n      - /var/run/tappd.sock:/var/run/tappd.sock\n    environment:\n      DOCKER: phala\n      NODE_ENV: production\n      IPFS_PROVIDER: kubo\n      KUBO_API: \"https://b4524823d9b9b93e9505bfd5bd31ef4872754f8d-5001.dstack-pha-prod5.phala.network:5001\"\n      KUBO_GATEWAY: \"https://b4524823d9b9b93e9505bfd5bd31ef4872754f8d-5001.dstack-pha-prod5.phala.network:8080\"\n      PUBLIC_IP: \"\"\n      MSG_BROKER_IP: \"\"\n\n      ACCOUNT_ADDRESS: \"0xe10eD43A9095c7fe7EFcf9C4C75f625FDA40E692\"\n      PRIVATE_KEY: \"0xa18a60b21047c1e8385f18ab1ac460deb99ae71f3268f5e44bd4268a228ba62a\"\n      # Auto-resolved from the contract-runtime TEE's Kubo manifest at\n      # /runtime/contracts.json when the worker boots.\n      REGISTRY_ADDRESS: \"\"\n      AGGREGATOR_ADDRESS: \"\"\n      GM_STORAGE_ADDRESS: \"\"\n      # Legacy variable name in the application code; in the Phala deployment\n      # this points to the contract-runtime TEE's internal Anvil RPC endpoint.\n      SEPOLIA_RPC_URL: \"https://b4524823d9b9b93e9505bfd5bd31ef4872754f8d-5001.dstack-pha-prod5.phala.network:8545\"\n\n      CLIENT_LIMIT: \"2\"\n      EPOCH: \"1\"\n      ROUND: \"1\"\n      MODEL_SUBMISSION_DEADLINE_MS: \"20000\"\n      GM_UPDATE_TIMEOUT_MS: \"30000\"\n      GM_UPDATE_TIMEOUT_LOOPS: \"2\"\n      AGGREGATION_UPDATE_ESTIMATE_MS: \"30000\"\n      GM_UPDATE_POLL_MS: \"5000\"\n\n      RSA_PRIVATE_KEY_FILE: \"/dfl/keys/private_key.pem\"\n      RSA_PUBLIC_KEY_FILE: \"/dfl/keys/public_key.pem\"\n      TRAIN_IMAGES_SRC: \"/dfl/config/training_data/train-images-0.idx3-ubyte\"\n      TRAIN_LABELS_SRC: \"/dfl/config/training_data/train-labels-0.idx1-ubyte\"\n\n      PYTHON_SERVICE_URL: \"http://127.0.0.1:8000\"\n    command:\n      - /bin/bash\n      - -lc\n      - |\n        if [ -S /var/run/tappd.sock ] \u0026\u0026 [ ! -S /var/run/dstack.sock ]; then\n          ln -sf /var/run/tappd.sock /var/run/dstack.sock\n        fi\n        exec /dfl/start_node_neural_network.sh\n",
            "encrypted_env": null,
            "endpoint": null,
            "env": null,
            "env_compose_hash": null,
            "env_keys": null,
            "env_transaction_hash": null,
            "gateway_enabled": false,
            "id": "app_8238080bf6664dec6e17447e09368f62ac771265",
            "image": "dstack-dev-0.5.7",
            "kms": "phala",
            "listed": false,
            "name": "master-thesis-dfl-worker-2",
            "node_id": null,
            "nonce": null,
            "pre_launch_script": null,
            "primary_cvm_id": "34022d1e-0f1e-4184-809b-0b693f4944b5",
            "public_logs": true,
            "public_sysinfo": true,
            "public_tcbinfo": true,
            "region": "US-WEST-1",
            "replicas": 1,
            "secure_time": false,
            "size": "tdx.small",
            "ssh_authorized_keys": [],
            "status": "running",
            "storage_fs": "zfs",
            "wait_for_ready": true,
            "wait_timeout_seconds": 900
          },
          "sensitive_attributes": [
            [
              {
                "type": "get_attr",
                "value": "env"
              }
            ],
            [
              {
                "type": "get_attr",
                "value": "encrypted_env"
              }
            ]
          ],
          "dependencies": [
            "phala_app.contract_runtime"
          ]
        }
      ]
    },
    {
      "mode": "managed",
      "type": "phala_cvm_power",
      "name": "contract_runtime",
      "provider": "provider[\"registry.terraform.io/phala-network/phala\"]",
      "instances": [
        {
          "index_key": 0,
          "schema_version": 0,
          "attributes": {
            "cvm_id": "63e5752e-fa44-445b-bccb-0ddf98e8c465",
            "id": "63e5752e-fa44-445b-bccb-0ddf98e8c465",
            "state": "running",
            "status": "running",
            "wait_for_state": true,
            "wait_timeout_seconds": 900
          },
          "sensitive_attributes": [],
          "dependencies": [
            "phala_app.contract_runtime"
          ]
        }
      ]
    },
    {
      "mode": "managed",
      "type": "phala_cvm_power",
      "name": "dfl_worker",
      "provider": "provider[\"registry.terraform.io/phala-network/phala\"]",
      "instances": [
        {
          "index_key": 0,
          "schema_version": 0,
          "attributes": {
            "cvm_id": "36f39068-fc53-47ad-b52a-717575d4b82f",
            "id": "36f39068-fc53-47ad-b52a-717575d4b82f",
            "state": "running",
            "status": "running",
            "wait_for_state": true,
            "wait_timeout_seconds": 900
          },
          "sensitive_attributes": [],
          "dependencies": [
            "phala_app.contract_runtime",
            "phala_app.dfl_worker"
          ]
        }
      ]
    },
    {
      "mode": "managed",
      "type": "phala_cvm_power",
      "name": "dfl_worker_additional",
      "provider": "provider[\"registry.terraform.io/phala-network/phala\"]",
      "instances": [
        {
          "index_key": "worker1",
          "schema_version": 0,
          "attributes": {
            "cvm_id": "418d34f5-10bd-450d-adae-1a1462d65526",
            "id": "418d34f5-10bd-450d-adae-1a1462d65526",
            "state": "running",
            "status": "running",
            "wait_for_state": true,
            "wait_timeout_seconds": 900
          },
          "sensitive_attributes": [],
          "dependencies": [
            "phala_app.contract_runtime",
            "phala_app.dfl_worker_additional"
          ]
        },
        {
          "index_key": "worker2",
          "schema_version": 0,
          "attributes": {
            "cvm_id": "34022d1e-0f1e-4184-809b-0b693f4944b5",
            "id": "34022d1e-0f1e-4184-809b-0b693f4944b5",
            "state": "running",
            "status": "running",
            "wait_for_state": true,
            "wait_timeout_seconds": 900
          },
          "sensitive_attributes": [],
          "dependencies": [
            "phala_app.contract_runtime",
            "phala_app.dfl_worker_additional"
          ]
        }
      ]
    }
  ],
  "check_results": [
    {
      "object_kind": "var",
      "config_addr": "var.desired_power_state",
      "status": "unknown",
      "objects": [
        {
          "object_addr": "var.desired_power_state",
          "status": "unknown"
        }
      ]
    }
  ]
}
